
Microsoft Visual Studio Solution File, Format Version 12.00
# Visual Studio Version 17
VisualStudioVersion = 17.3.32922.545
MinimumVisualStudioVersion = 10.0.40219.1
Project("{FAE04EC0-301F-11D3-BF4B-00C04F79EFBC}") = "ClassMetotDemo", "ClassMetotDemo\ClassMetotDemo.csproj", "{5818FF5C-27F2-4C2A-ADFB-D5C99CE1BAFF}"
EndProject
Global
	GlobalSection(SolutionConfigurationPlatforms) = preSolution
		Debug|Any CPU = Debug|Any CPU
		Release|Any CPU = Release|Any CPU
	EndGlobalSection
	GlobalSection(ProjectConfigurationPlatforms) = postSolution
		{5818FF5C-27F2-4C2A-ADFB-D5C99CE1BAFF}.Debug|Any CPU.ActiveCfg = Debug|Any CPU
		{5818FF5C-27F2-4C2A-ADFB-D5C99CE1BAFF}.Debug|Any CPU.Build.0 = Debug|Any CPU
		{5818FF5C-27F2-4C2A-ADFB-D5C99CE1BAFF}.Release|Any CPU.ActiveCfg = Release|Any CPU
		{5818FF5C-27F2-4C2A-ADFB-D5C99CE1BAFF}.Release|Any CPU.Build.0 = Release|Any CPU
	EndGlobalSection
	GlobalSection(SolutionProperties) = preSolution
		HideSolutionNode = FALSE
	EndGlobalSection
	GlobalSection(ExtensibilityGlobals) = postSolution
		SolutionGuid = {455185F5-80C0-4184-86A3-FD6D85B611D6}
	EndGlobalSection
EndGlobal
